
Microsoft Visual Studio Solution File, Format Version 12.00
# Visual Studio Version 16
VisualStudioVersion = 16.0.29709.97
MinimumVisualStudioVersion = 10.0.40219.1
Project("{FAE04EC0-301F-11D3-BF4B-00C04F79EFBC}") = "CopyGroupPlugin", "CopyGroupPlugin\CopyGroupPlugin.csproj", "{68DA7997-D6ED-4579-A4C0-C279EDB6CC88}"
EndProject
Global
	GlobalSection(SolutionConfigurationPlatforms) = preSolution
		Debug|Any CPU = Debug|Any CPU
		Release|Any CPU = Release|Any CPU
	EndGlobalSection
	GlobalSection(ProjectConfigurationPlatforms) = postSolution
		{68DA7997-D6ED-4579-A4C0-C279EDB6CC88}.Debug|Any CPU.ActiveCfg = Debug|Any CPU
		{68DA7997-D6ED-4579-A4C0-C279EDB6CC88}.Debug|Any CPU.Build.0 = Debug|Any CPU
		{68DA7997-D6ED-4579-A4C0-C279EDB6CC88}.Release|Any CPU.ActiveCfg = Release|Any CPU
		{68DA7997-D6ED-4579-A4C0-C279EDB6CC88}.Release|Any CPU.Build.0 = Release|Any CPU
	EndGlobalSection
	GlobalSection(SolutionProperties) = preSolution
		HideSolutionNode = FALSE
	EndGlobalSection
	GlobalSection(ExtensibilityGlobals) = postSolution
		SolutionGuid = {AE1A104C-3CAE-4525-841D-B6D1070F9F40}
	EndGlobalSection
EndGlobal
